
Microsoft Visual Studio Solution File, Format Version 12.00
# Visual Studio Version 16
VisualStudioVersion = 16.0.30104.148
MinimumVisualStudioVersion = 10.0.40219.1
Project("{FAE04EC0-301F-11D3-BF4B-00C04F79EFBC}") = "BlazorDynamicForm", "BlazorDynamicForm\BlazorDynamicForm.csproj", "{BB3C9184-2078-4478-A581-D9A468E3820D}"
EndProject
Global
	GlobalSection(SolutionConfigurationPlatforms) = preSolution
		Debug|Any CPU = Debug|Any CPU
		Release|Any CPU = Release|Any CPU
	EndGlobalSection
	GlobalSection(ProjectConfigurationPlatforms) = postSolution
		{BB3C9184-2078-4478-A581-D9A468E3820D}.Debug|Any CPU.ActiveCfg = Debug|Any CPU
		{BB3C9184-2078-4478-A581-D9A468E3820D}.Debug|Any CPU.Build.0 = Debug|Any CPU
		{BB3C9184-2078-4478-A581-D9A468E3820D}.Release|Any CPU.ActiveCfg = Release|Any CPU
		{BB3C9184-2078-4478-A581-D9A468E3820D}.Release|Any CPU.Build.0 = Release|Any CPU
	EndGlobalSection
	GlobalSection(SolutionProperties) = preSolution
		HideSolutionNode = FALSE
	EndGlobalSection
	GlobalSection(ExtensibilityGlobals) = postSolution
		SolutionGuid = {4686D684-8B35-4780-9D7D-5935260A6168}
	EndGlobalSection
EndGlobal
